// !$*UTF8*$!
{
	archiveVersion = 1;
	classes = {
	};
	objectVersion = 77;
	objects = {

/* Begin PBXBuildFile section */
		0E033B3A2E4B2D38005BFEEF /* AudioKit in Frameworks */ = {isa = PBXBuildFile; productRef = 0E033B392E4B2D38005BFEEF /* AudioKit */; };
		0E033B3D2E4B2D81005BFEEF /* SoundpipeAudioKit in Frameworks */ = {isa = PBXBuildFile; productRef = 0E033B3C2E4B2D81005BFEEF /* SoundpipeAudioKit */; };
/* End PBXBuildFile section */

/* Begin PBXContainerItemProxy section */
		0E7CE9C72E45D4FC003CF408 /* PBXContainerItemProxy */ = {
			isa = PBXContainerItemProxy;
			containerPortal = 0E7CE9AF2E45D4FA003CF408 /* Project object */;
			proxyType = 1;
			remoteGlobalIDString = 0E7CE9B62E45D4FA003CF408;
			remoteInfo = "Pitch Penguin";
		};
		0E7CE9D12E45D4FC003CF408 /* PBXContainerItemProxy */ = {
			isa = PBXContainerItemProxy;
			containerPortal = 0E7CE9AF2E45D4FA003CF408 /* Project object */;
			proxyType = 1;
			remoteGlobalIDString = 0E7CE9B62E45D4FA003CF408;
			remoteInfo = "Pitch Penguin";
		};
/* End PBXContainerItemProxy section */

/* Begin PBXFileReference section */
		0E033B332E4B2C30005BFEEF /* CoreAudioKit.framework */ = {isa = PBXFileReference; lastKnownFileType = wrapper.framework; name = CoreAudioKit.framework; path = System/Library/Frameworks/CoreAudioKit.framework; sourceTree = SDKROOT; };
		0E7CE9B72E45D4FA003CF408 /* Pitch Penguin.app */ = {isa = PBXFileReference; explicitFileType = wrapper.application; includeInIndex = 0; path = "Pitch Penguin.app"; sourceTree = BUILT_PRODUCTS_DIR; };
		0E7CE9C62E45D4FC003CF408 /* Pitch PenguinTests.xctest */ = {isa = PBXFileReference; explicitFileType = wrapper.cfbundle; includeInIndex = 0; path = "Pitch PenguinTests.xctest"; sourceTree = BUILT_PRODUCTS_DIR; };
		0E7CE9D02E45D4FC003CF408 /* Pitch PenguinUITests.xctest */ = {isa = PBXFileReference; explicitFileType = wrapper.cfbundle; includeInIndex = 0; path = "Pitch PenguinUITests.xctest"; sourceTree = BUILT_PRODUCTS_DIR; };
/* End PBXFileReference section */

/* Begin PBXFileSystemSynchronizedRootGroup section */
		0E7CE9B92E45D4FA003CF408 /* Pitch Penguin */ = {
			isa = PBXFileSystemSynchronizedRootGroup;
			path = "Pitch Penguin";
			sourceTree = "<group>";
		};
		0E7CE9C92E45D4FC003CF408 /* Pitch PenguinTests */ = {
			isa = PBXFileSystemSynchronizedRootGroup;
			path = "Pitch PenguinTests";
			sourceTree = "<group>";
		};
		0E7CE9D32E45D4FC003CF408 /* Pitch PenguinUITests */ = {
			isa = PBXFileSystemSynchronizedRootGroup;
			path = "Pitch PenguinUITests";
			sourceTree = "<group>";
		};
/* End PBXFileSystemSynchronizedRootGroup section */

/* Begin PBXFrameworksBuildPhase section */
		0E7CE9B42E45D4FA003CF408 /* Frameworks */ = {
			isa = PBXFrameworksBuildPhase;
			buildActionMask = 2147483647;
			files = (
				0E033B3A2E4B2D38005BFEEF /* AudioKit in Frameworks */,
				0E033B3D2E4B2D81005BFEEF /* SoundpipeAudioKit in Frameworks */,
			);
			runOnlyForDeploymentPostprocessing = 0;
		};
		0E7CE9C32E45D4FC003CF408 /* Frameworks */ = {
			isa = PBXFrameworksBuildPhase;
			buildActionMask = 2147483647;
			files = (
			);
			runOnlyForDeploymentPostprocessing = 0;
		};
		0E7CE9CD2E45D4FC003CF408 /* Frameworks */ = {
			isa = PBXFrameworksBuildPhase;
			buildActionMask = 2147483647;
			files = (
			);
			runOnlyForDeploymentPostprocessing = 0;
		};
/* End PBXFrameworksBuildPhase section */

/* Begin PBXGroup section */
		0E033B322E4B2C30005BFEEF /* Frameworks */ = {
			isa = PBXGroup;
			children = (
				0E033B332E4B2C30005BFEEF /* CoreAudioKit.framework */,
			);
			name = Frameworks;
			sourceTree = "<group>";
		};
		0E7CE9AE2E45D4FA003CF408 = {
			isa = PBXGroup;
			children = (
				0E7CE9B92E45D4FA003CF408 /* Pitch Penguin */,
				0E7CE9C92E45D4FC003CF408 /* Pitch PenguinTests */,
				0E7CE9D32E45D4FC003CF408 /* Pitch PenguinUITests */,
				0E033B322E4B2C30005BFEEF /* Frameworks */,
				0E7CE9B82E45D4FA003CF408 /* Products */,
			);
			sourceTree = "<group>";
		};
		0E7CE9B82E45D4FA003CF408 /* Products */ = {
			isa = PBXGroup;
			children = (
				0E7CE9B72E45D4FA003CF408 /* Pitch Penguin.app */,
				0E7CE9C62E45D4FC003CF408 /* Pitch PenguinTests.xctest */,
				0E7CE9D02E45D4FC003CF408 /* Pitch PenguinUITests.xctest */,
			);
			name = Products;
			sourceTree = "<group>";
		};
/* End PBXGroup section */

/* Begin PBXNativeTarget section */
		0E7CE9B62E45D4FA003CF408 /* Pitch Penguin */ = {
			isa = PBXNativeTarget;
			buildConfigurationList = 0E7CE9DA2E45D4FC003CF408 /* Build configuration list for PBXNativeTarget "Pitch Penguin" */;
			buildPhases = (
				0E7CE9B32E45D4FA003CF408 /* Sources */,
				0E7CE9B42E45D4FA003CF408 /* Frameworks */,
				0E7CE9B52E45D4FA003CF408 /* Resources */,
			);
			buildRules = (
			);
			dependencies = (
			);
			fileSystemSynchronizedGroups = (
				0E7CE9B92E45D4FA003CF408 /* Pitch Penguin */,
			);
			name = "Pitch Penguin";
			packageProductDependencies = (
				0E033B392E4B2D38005BFEEF /* AudioKit */,
				0E033B3C2E4B2D81005BFEEF /* SoundpipeAudioKit */,
			);
			productName = "Pitch Penguin";
			productReference = 0E7CE9B72E45D4FA003CF408 /* Pitch Penguin.app */;
			productType = "com.apple.product-type.application";
		};
		0E7CE9C52E45D4FC003CF408 /* Pitch PenguinTests */ = {
			isa = PBXNativeTarget;
			buildConfigurationList = 0E7CE9DD2E45D4FC003CF408 /* Build configuration list for PBXNativeTarget "Pitch PenguinTests" */;
			buildPhases = (
				0E7CE9C22E45D4FC003CF408 /* Sources */,
				0E7CE9C32E45D4FC003CF408 /* Frameworks */,
				0E7CE9C42E45D4FC003CF408 /* Resources */,
			);
			buildRules = (
			);
			dependencies = (
				0E7CE9C82E45D4FC003CF408 /* PBXTargetDependency */,
			);
			fileSystemSynchronizedGroups = (
				0E7CE9C92E45D4FC003CF408 /* Pitch PenguinTests */,
			);
			name = "Pitch PenguinTests";
			packageProductDependencies = (
			);
			productName = "Pitch PenguinTests";
			productReference = 0E7CE9C62E45D4FC003CF408 /* Pitch PenguinTests.xctest */;
			productType = "com.apple.product-type.bundle.unit-test";
		};
		0E7CE9CF2E45D4FC003CF408 /* Pitch PenguinUITests */ = {
			isa = PBXNativeTarget;
			buildConfigurationList = 0E7CE9E02E45D4FC003CF408 /* Build configuration list for PBXNativeTarget "Pitch PenguinUITests" */;
			buildPhases = (
				0E7CE9CC2E45D4FC003CF408 /* Sources */,
				0E7CE9CD2E45D4FC003CF408 /* Frameworks */,
				0E7CE9CE2E45D4FC003CF408 /* Resources */,
			);
			buildRules = (
			);
			dependencies = (
				0E7CE9D22E45D4FC003CF408 /* PBXTargetDependency */,
			);
			fileSystemSynchronizedGroups = (
				0E7CE9D32E45D4FC003CF408 /* Pitch PenguinUITests */,
			);
			name = "Pitch PenguinUITests";
			packageProductDependencies = (
			);
			productName = "Pitch PenguinUITests";
			productReference = 0E7CE9D02E45D4FC003CF408 /* Pitch PenguinUITests.xctest */;
			productType = "com.apple.product-type.bundle.ui-testing";
		};
/* End PBXNativeTarget section */

/* Begin PBXProject section */
		0E7CE9AF2E45D4FA003CF408 /* Project object */ = {
			isa = PBXProject;
			attributes = {
				BuildIndependentTargetsInParallel = 1;
				LastSwiftUpdateCheck = 1640;
				LastUpgradeCheck = 1640;
				TargetAttributes = {
					0E7CE9B62E45D4FA003CF408 = {
						CreatedOnToolsVersion = 16.4;
					};
					0E7CE9C52E45D4FC003CF408 = {
						CreatedOnToolsVersion = 16.4;
						TestTargetID = 0E7CE9B62E45D4FA003CF408;
					};
					0E7CE9CF2E45D4FC003CF408 = {
						CreatedOnToolsVersion = 16.4;
						TestTargetID = 0E7CE9B62E45D4FA003CF408;
					};
				};
			};
			buildConfigurationList = 0E7CE9B22E45D4FA003CF408 /* Build configuration list for PBXProject "Pitch Penguin" */;
			developmentRegion = en;
			hasScannedForEncodings = 0;
			knownRegions = (
				en,
				Base,
			);
			mainGroup = 0E7CE9AE2E45D4FA003CF408;
			minimizedProjectReferenceProxies = 1;
			packageReferences = (
				0E033B382E4B2D21005BFEEF /* XCRemoteSwiftPackageReference "AudioKit" */,
				0E033B3B2E4B2D68005BFEEF /* XCRemoteSwiftPackageReference "SoundpipeAudioKit" */,
			);
			preferredProjectObjectVersion = 77;
			productRefGroup = 0E7CE9B82E45D4FA003CF408 /* Products */;
			projectDirPath = "";
			projectRoot = "";
			targets = (
				0E7CE9B62E45D4FA003CF408 /* Pitch Penguin */,
				0E7CE9C52E45D4FC003CF408 /* Pitch PenguinTests */,
				0E7CE9CF2E45D4FC003CF408 /* Pitch PenguinUITests */,
			);
		};
/* End PBXProject section */

/* Begin PBXResourcesBuildPhase section */
		0E7CE9B52E45D4FA003CF408 /* Resources */ = {
			isa = PBXResourcesBuildPhase;
			buildActionMask = 2147483647;
			files = (
			);
			runOnlyForDeploymentPostprocessing = 0;
		};
		0E7CE9C42E45D4FC003CF408 /* Resources */ = {
			isa = PBXResourcesBuildPhase;
			buildActionMask = 2147483647;
			files = (
			);
			runOnlyForDeploymentPostprocessing = 0;
		};
		0E7CE9CE2E45D4FC003CF408 /* Resources */ = {
			isa = PBXResourcesBuildPhase;
			buildActionMask = 2147483647;
			files = (
			);
			runOnlyForDeploymentPostprocessing = 0;
		};
/* End PBXResourcesBuildPhase section */

/* Begin PBXSourcesBuildPhase section */
		0E7CE9B32E45D4FA003CF408 /* Sources */ = {
			isa = PBXSourcesBuildPhase;
			buildActionMask = 2147483647;
			files = (
			);
			runOnlyForDeploymentPostprocessing = 0;
		};
		0E7CE9C22E45D4FC003CF408 /* Sources */ = {
			isa = PBXSourcesBuildPhase;
			buildActionMask = 2147483647;
			files = (
			);
			runOnlyForDeploymentPostprocessing = 0;
		};
		0E7CE9CC2E45D4FC003CF408 /* Sources */ = {
			isa = PBXSourcesBuildPhase;
			buildActionMask = 2147483647;
			files = (
			);
			runOnlyForDeploymentPostprocessing = 0;
		};
/* End PBXSourcesBuildPhase section */

/* Begin PBXTargetDependency section */
		0E7CE9C82E45D4FC003CF408 /* PBXTargetDependency */ = {
			isa = PBXTargetDependency;
			target = 0E7CE9B62E45D4FA003CF408 /* Pitch Penguin */;
			targetProxy = 0E7CE9C72E45D4FC003CF408 /* PBXContainerItemProxy */;
		};
		0E7CE9D22E45D4FC003CF408 /* PBXTargetDependency */ = {
			isa = PBXTargetDependency;
			target = 0E7CE9B62E45D4FA003CF408 /* Pitch Penguin */;
			targetProxy = 0E7CE9D12E45D4FC003CF408 /* PBXContainerItemProxy */;
		};
/* End PBXTargetDependency section */

/* Begin XCBuildConfiguration section */
		0E7CE9D82E45D4FC003CF408 /* Debug */ = {
			isa = XCBuildConfiguration;
			buildSettings = {
				ALWAYS_SEARCH_USER_PATHS = NO;
				ASSETCATALOG_COMPILER_GENERATE_SWIFT_ASSET_SYMBOL_EXTENSIONS = YES;
				CLANG_ANALYZER_NONNULL = YES;
				CLANG_ANALYZER_NUMBER_OBJECT_CONVERSION = YES_AGGRESSIVE;
				CLANG_CXX_LANGUAGE_STANDARD = "gnu++20";
				CLANG_ENABLE_MODULES = YES;
				CLANG_ENABLE_OBJC_ARC = YES;
				CLANG_ENABLE_OBJC_WEAK = YES;
				CLANG_WARN_BLOCK_CAPTURE_AUTORELEASING = YES;
				CLANG_WARN_BOOL_CONVERSION = YES;
				CLANG_WARN_COMMA = YES;
				CLANG_WARN_CONSTANT_CONVERSION = YES;
				CLANG_WARN_DEPRECATED_OBJC_IMPLEMENTATIONS = YES;
				CLANG_WARN_DIRECT_OBJC_ISA_USAGE = YES_ERROR;
				CLANG_WARN_DOCUMENTATION_COMMENTS = YES;
				CLANG_WARN_EMPTY_BODY = YES;
				CLANG_WARN_ENUM_CONVERSION = YES;
				CLANG_WARN_INFINITE_RECURSION = YES;
				CLANG_WARN_INT_CONVERSION = YES;
				CLANG_WARN_NON_LITERAL_NULL_CONVERSION = YES;
				CLANG_WARN_OBJC_IMPLICIT_RETAIN_SELF = YES;
				CLANG_WARN_OBJC_LITERAL_CONVERSION = YES;
				CLANG_WARN_OBJC_ROOT_CLASS = YES_ERROR;
				CLANG_WARN_QUOTED_INCLUDE_IN_FRAMEWORK_HEADER = YES;
				CLANG_WARN_RANGE_LOOP_ANALYSIS = YES;
				CLANG_WARN_STRICT_PROTOTYPES = YES;
				CLANG_WARN_SUSPICIOUS_MOVE = YES;
				CLANG_WARN_UNGUARDED_AVAILABILITY = YES_AGGRESSIVE;
				CLANG_WARN_UNREACHABLE_CODE = YES;
				CLANG_WARN__DUPLICATE_METHOD_MATCH = YES;
				COPY_PHASE_STRIP = NO;
				DEBUG_INFORMATION_FORMAT = dwarf;
				DEVELOPMENT_TEAM = BPWY64KZM4;
				ENABLE_STRICT_OBJC_MSGSEND = YES;
				ENABLE_TESTABILITY = YES;
				ENABLE_USER_SCRIPT_SANDBOXING = YES;
				GCC_C_LANGUAGE_STANDARD = gnu17;
				GCC_DYNAMIC_NO_PIC = NO;
				GCC_NO_COMMON_BLOCKS = YES;
				GCC_OPTIMIZATION_LEVEL = 0;
				GCC_PREPROCESSOR_DEFINITIONS = (
					"DEBUG=1",
					"$(inherited)",
				);
				GCC_WARN_64_TO_32_BIT_CONVERSION = YES;
				GCC_WARN_ABOUT_RETURN_TYPE = YES_ERROR;
				GCC_WARN_UNDECLARED_SELECTOR = YES;
				GCC_WARN_UNINITIALIZED_AUTOS = YES_AGGRESSIVE;
				GCC_WARN_UNUSED_FUNCTION = YES;
				GCC_WARN_UNUSED_VARIABLE = YES;
				IPHONEOS_DEPLOYMENT_TARGET = 18.5;
				LOCALIZATION_PREFERS_STRING_CATALOGS = YES;
				MTL_ENABLE_DEBUG_INFO = INCLUDE_SOURCE;
				MTL_FAST_MATH = YES;
				ONLY_ACTIVE_ARCH = YES;
				SDKROOT = iphoneos;
				SWIFT_ACTIVE_COMPILATION_CONDITIONS = "DEBUG $(inherited)";
				SWIFT_OPTIMIZATION_LEVEL = "-Onone";
			};
			name = Debug;
		};
		0E7CE9D92E45D4FC003CF408 /* Release */ = {
			isa = XCBuildConfiguration;
			buildSettings = {
				ALWAYS_SEARCH_USER_PATHS = NO;
				ASSETCATALOG_COMPILER_GENERATE_SWIFT_ASSET_SYMBOL_EXTENSIONS = YES;
				CLANG_ANALYZER_NONNULL = YES;
				CLANG_ANALYZER_NUMBER_OBJECT_CONVERSION = YES_AGGRESSIVE;
				CLANG_CXX_LANGUAGE_STANDARD = "gnu++20";
				CLANG_ENABLE_MODULES = YES;
				CLANG_ENABLE_OBJC_ARC = YES;
				CLANG_ENABLE_OBJC_WEAK = YES;
				CLANG_WARN_BLOCK_CAPTURE_AUTORELEASING = YES;
				CLANG_WARN_BOOL_CONVERSION = YES;
				CLANG_WARN_COMMA = YES;
				CLANG_WARN_CONSTANT_CONVERSION = YES;
				CLANG_WARN_DEPRECATED_OBJC_IMPLEMENTATIONS = YES;
				CLANG_WARN_DIRECT_OBJC_ISA_USAGE = YES_ERROR;
				CLANG_WARN_DOCUMENTATION_COMMENTS = YES;
				CLANG_WARN_EMPTY_BODY = YES;
				CLANG_WARN_ENUM_CONVERSION = YES;
				CLANG_WARN_INFINITE_RECURSION = YES;
				CLANG_WARN_INT_CONVERSION = YES;
				CLANG_WARN_NON_LITERAL_NULL_CONVERSION = YES;
				CLANG_WARN_OBJC_IMPLICIT_RETAIN_SELF = YES;
				CLANG_WARN_OBJC_LITERAL_CONVERSION = YES;
				CLANG_WARN_OBJC_ROOT_CLASS = YES_ERROR;
				CLANG_WARN_QUOTED_INCLUDE_IN_FRAMEWORK_HEADER = YES;
				CLANG_WARN_RANGE_LOOP_ANALYSIS = YES;
				CLANG_WARN_STRICT_PROTOTYPES = YES;
				CLANG_WARN_SUSPICIOUS_MOVE = YES;
				CLANG_WARN_UNGUARDED_AVAILABILITY = YES_AGGRESSIVE;
				CLANG_WARN_UNREACHABLE_CODE = YES;
				CLANG_WARN__DUPLICATE_METHOD_MATCH = YES;
				COPY_PHASE_STRIP = NO;
				DEBUG_INFORMATION_FORMAT = "dwarf-with-dsym";
				DEVELOPMENT_TEAM = BPWY64KZM4;
				ENABLE_NS_ASSERTIONS = NO;
				ENABLE_STRICT_OBJC_MSGSEND = YES;
				ENABLE_USER_SCRIPT_SANDBOXING = YES;
				GCC_C_LANGUAGE_STANDARD = gnu17;
				GCC_NO_COMMON_BLOCKS = YES;
				GCC_WARN_64_TO_32_BIT_CONVERSION = YES;
				GCC_WARN_ABOUT_RETURN_TYPE = YES_ERROR;
				GCC_WARN_UNDECLARED_SELECTOR = YES;
				GCC_WARN_UNINITIALIZED_AUTOS = YES_AGGRESSIVE;
				GCC_WARN_UNUSED_FUNCTION = YES;
				GCC_WARN_UNUSED_VARIABLE = YES;
				IPHONEOS_DEPLOYMENT_TARGET = 18.5;
				LOCALIZATION_PREFERS_STRING_CATALOGS = YES;
				MTL_ENABLE_DEBUG_INFO = NO;
				MTL_FAST_MATH = YES;
				SDKROOT = iphoneos;
				SWIFT_COMPILATION_MODE = wholemodule;
				VALIDATE_PRODUCT = YES;
			};
			name = Release;
		};
		0E7CE9DB2E45D4FC003CF408 /* Debug */ = {
			isa = XCBuildConfiguration;
			buildSettings = {
				ASSETCATALOG_COMPILER_APPICON_NAME = AppIcon;
				ASSETCATALOG_COMPILER_GLOBAL_ACCENT_COLOR_NAME = AccentColor;
				CODE_SIGN_STYLE = Automatic;
				CURRENT_PROJECT_VERSION = 1;
				DEVELOPMENT_TEAM = BPWY64KZM4;
				ENABLE_PREVIEWS = YES;
				GENERATE_INFOPLIST_FILE = YES;
				INFOPLIST_KEY_LSApplicationCategoryType = "public.app-category.music";
				INFOPLIST_KEY_NSMicrophoneUsageDescription = "Pitch Penguin needs access to your microphone \n  to detect the pitch of your guitar strings for tuning.";
				INFOPLIST_KEY_UIApplicationSceneManifest_Generation = YES;
				INFOPLIST_KEY_UIApplicationSupportsIndirectInputEvents = YES;
				INFOPLIST_KEY_UILaunchScreen_Generation = YES;
				INFOPLIST_KEY_UISupportedInterfaceOrientations_iPad = "UIInterfaceOrientationPortrait UIInterfaceOrientationPortraitUpsideDown UIInterfaceOrientationLandscapeLeft UIInterfaceOrientationLandscapeRight";
				INFOPLIST_KEY_UISupportedInterfaceOrientations_iPhone = "UIInterfaceOrientationPortrait UIInterfaceOrientationLandscapeLeft UIInterfaceOrientationLandscapeRight";
				IPHONEOS_DEPLOYMENT_TARGET = 17.6;
				LD_RUNPATH_SEARCH_PATHS = (
					"$(inherited)",
					"@executable_path/Frameworks",
				);
				MARKETING_VERSION = 1.0.0;
				PRODUCT_BUNDLE_IDENTIFIER = "com.ideamp.Pitch-Penguin";
				PRODUCT_NAME = "$(TARGET_NAME)";
				SWIFT_EMIT_LOC_STRINGS = YES;
				SWIFT_VERSION = 5.0;
				TARGETED_DEVICE_FAMILY = "1,2";
			};
			name = Debug;
		};
		0E7CE9DC2E45D4FC003CF408 /* Release */ = {
			isa = XCBuildConfiguration;
			buildSettings = {
				ASSETCATALOG_COMPILER_APPICON_NAME = AppIcon;
				ASSETCATALOG_COMPILER_GLOBAL_ACCENT_COLOR_NAME = AccentColor;
				CODE_SIGN_STYLE = Automatic;
				CURRENT_PROJECT_VERSION = 1;
				DEVELOPMENT_TEAM = BPWY64KZM4;
				ENABLE_PREVIEWS = YES;
				GENERATE_INFOPLIST_FILE = YES;
				INFOPLIST_KEY_LSApplicationCategoryType = "public.app-category.music";
				INFOPLIST_KEY_NSMicrophoneUsageDescription = "Pitch Penguin needs access to your microphone \n  to detect the pitch of your guitar strings for tuning.";
				INFOPLIST_KEY_UIApplicationSceneManifest_Generation = YES;
				INFOPLIST_KEY_UIApplicationSupportsIndirectInputEvents = YES;
				INFOPLIST_KEY_UILaunchScreen_Generation = YES;
				INFOPLIST_KEY_UISupportedInterfaceOrientations_iPad = "UIInterfaceOrientationPortrait UIInterfaceOrientationPortraitUpsideDown UIInterfaceOrientationLandscapeLeft UIInterfaceOrientationLandscapeRight";
				INFOPLIST_KEY_UISupportedInterfaceOrientations_iPhone = "UIInterfaceOrientationPortrait UIInterfaceOrientationLandscapeLeft UIInterfaceOrientationLandscapeRight";
				IPHONEOS_DEPLOYMENT_TARGET = 17.6;
				LD_RUNPATH_SEARCH_PATHS = (
					"$(inherited)",
					"@executable_path/Frameworks",
				);
				MARKETING_VERSION = 1.0.0;
				PRODUCT_BUNDLE_IDENTIFIER = "com.ideamp.Pitch-Penguin";
				PRODUCT_NAME = "$(TARGET_NAME)";
				SWIFT_EMIT_LOC_STRINGS = YES;
				SWIFT_VERSION = 5.0;
				TARGETED_DEVICE_FAMILY = "1,2";
			};
			name = Release;
		};
		0E7CE9DE2E45D4FC003CF408 /* Debug */ = {
			isa = XCBuildConfiguration;
			buildSettings = {
				BUNDLE_LOADER = "$(TEST_HOST)";
				CODE_SIGN_STYLE = Automatic;
				CURRENT_PROJECT_VERSION = 1;
				DEVELOPMENT_TEAM = BPWY64KZM4;
				GENERATE_INFOPLIST_FILE = YES;
				IPHONEOS_DEPLOYMENT_TARGET = 18.5;
				MARKETING_VERSION = 1.0;
				PRODUCT_BUNDLE_IDENTIFIER = "com.ideamp.Pitch-PenguinTests";
				PRODUCT_NAME = "$(TARGET_NAME)";
				SWIFT_EMIT_LOC_STRINGS = NO;
				SWIFT_VERSION = 5.0;
				TARGETED_DEVICE_FAMILY = "1,2";
				TEST_HOST = "$(BUILT_PRODUCTS_DIR)/Pitch Penguin.app/$(BUNDLE_EXECUTABLE_FOLDER_PATH)/Pitch Penguin";
			};
			name = Debug;
		};
		0E7CE9DF2E45D4FC003CF408 /* Release */ = {
			isa = XCBuildConfiguration;
			buildSettings = {
				BUNDLE_LOADER = "$(TEST_HOST)";
				CODE_SIGN_STYLE = Automatic;
				CURRENT_PROJECT_VERSION = 1;
				DEVELOPMENT_TEAM = BPWY64KZM4;
				GENERATE_INFOPLIST_FILE = YES;
				IPHONEOS_DEPLOYMENT_TARGET = 18.5;
				MARKETING_VERSION = 1.0;
				PRODUCT_BUNDLE_IDENTIFIER = "com.ideamp.Pitch-PenguinTests";
				PRODUCT_NAME = "$(TARGET_NAME)";
				SWIFT_EMIT_LOC_STRINGS = NO;
				SWIFT_VERSION = 5.0;
				TARGETED_DEVICE_FAMILY = "1,2";
				TEST_HOST = "$(BUILT_PRODUCTS_DIR)/Pitch Penguin.app/$(BUNDLE_EXECUTABLE_FOLDER_PATH)/Pitch Penguin";
			};
			name = Release;
		};
		0E7CE9E12E45D4FC003CF408 /* Debug */ = {
			isa = XCBuildConfiguration;
			buildSettings = {
				CODE_SIGN_STYLE = Automatic;
				CURRENT_PROJECT_VERSION = 1;
				DEVELOPMENT_TEAM = BPWY64KZM4;
				GENERATE_INFOPLIST_FILE = YES;
				MARKETING_VERSION = 1.0;
				PRODUCT_BUNDLE_IDENTIFIER = "com.ideamp.Pitch-PenguinUITests";
				PRODUCT_NAME = "$(TARGET_NAME)";
				SWIFT_EMIT_LOC_STRINGS = NO;
				SWIFT_VERSION = 5.0;
				TARGETED_DEVICE_FAMILY = "1,2";
				TEST_TARGET_NAME = "Pitch Penguin";
			};
			name = Debug;
		};
		0E7CE9E22E45D4FC003CF408 /* Release */ = {
			isa = XCBuildConfiguration;
			buildSettings = {
				CODE_SIGN_STYLE = Automatic;
				CURRENT_PROJECT_VERSION = 1;
				DEVELOPMENT_TEAM = BPWY64KZM4;
				GENERATE_INFOPLIST_FILE = YES;
				MARKETING_VERSION = 1.0;
				PRODUCT_BUNDLE_IDENTIFIER = "com.ideamp.Pitch-PenguinUITests";
				PRODUCT_NAME = "$(TARGET_NAME)";
				SWIFT_EMIT_LOC_STRINGS = NO;
				SWIFT_VERSION = 5.0;
				TARGETED_DEVICE_FAMILY = "1,2";
				TEST_TARGET_NAME = "Pitch Penguin";
			};
			name = Release;
		};
/* End XCBuildConfiguration section */

/* Begin XCConfigurationList section */
		0E7CE9B22E45D4FA003CF408 /* Build configuration list for PBXProject "Pitch Penguin" */ = {
			isa = XCConfigurationList;
			buildConfigurations = (
				0E7CE9D82E45D4FC003CF408 /* Debug */,
				0E7CE9D92E45D4FC003CF408 /* Release */,
			);
			defaultConfigurationIsVisible = 0;
			defaultConfigurationName = Release;
		};
		0E7CE9DA2E45D4FC003CF408 /* Build configuration list for PBXNativeTarget "Pitch Penguin" */ = {
			isa = XCConfigurationList;
			buildConfigurations = (
				0E7CE9DB2E45D4FC003CF408 /* Debug */,
				0E7CE9DC2E45D4FC003CF408 /* Release */,
			);
			defaultConfigurationIsVisible = 0;
			defaultConfigurationName = Release;
		};
		0E7CE9DD2E45D4FC003CF408 /* Build configuration list for PBXNativeTarget "Pitch PenguinTests" */ = {
			isa = XCConfigurationList;
			buildConfigurations = (
				0E7CE9DE2E45D4FC003CF408 /* Debug */,
				0E7CE9DF2E45D4FC003CF408 /* Release */,
			);
			defaultConfigurationIsVisible = 0;
			defaultConfigurationName = Release;
		};
		0E7CE9E02E45D4FC003CF408 /* Build configuration list for PBXNativeTarget "Pitch PenguinUITests" */ = {
			isa = XCConfigurationList;
			buildConfigurations = (
				0E7CE9E12E45D4FC003CF408 /* Debug */,
				0E7CE9E22E45D4FC003CF408 /* Release */,
			);
			defaultConfigurationIsVisible = 0;
			defaultConfigurationName = Release;
		};
/* End XCConfigurationList section */

/* Begin XCRemoteSwiftPackageReference section */
		0E033B382E4B2D21005BFEEF /* XCRemoteSwiftPackageReference "AudioKit" */ = {
			isa = XCRemoteSwiftPackageReference;
			repositoryURL = "https://github.com/AudioKit/AudioKit";
			requirement = {
				kind = upToNextMajorVersion;
				minimumVersion = 5.6.5;
			};
		};
		0E033B3B2E4B2D68005BFEEF /* XCRemoteSwiftPackageReference "SoundpipeAudioKit" */ = {
			isa = XCRemoteSwiftPackageReference;
			repositoryURL = "https://github.com/AudioKit/SoundpipeAudioKit";
			requirement = {
				kind = upToNextMajorVersion;
				minimumVersion = 5.7.3;
			};
		};
/* End XCRemoteSwiftPackageReference section */

/* Begin XCSwiftPackageProductDependency section */
		0E033B392E4B2D38005BFEEF /* AudioKit */ = {
			isa = XCSwiftPackageProductDependency;
			package = 0E033B382E4B2D21005BFEEF /* XCRemoteSwiftPackageReference "AudioKit" */;
			productName = AudioKit;
		};
		0E033B3C2E4B2D81005BFEEF /* SoundpipeAudioKit */ = {
			isa = XCSwiftPackageProductDependency;
			package = 0E033B3B2E4B2D68005BFEEF /* XCRemoteSwiftPackageReference "SoundpipeAudioKit" */;
			productName = SoundpipeAudioKit;
		};
/* End XCSwiftPackageProductDependency section */
	};
	rootObject = 0E7CE9AF2E45D4FA003CF408 /* Project object */;
}
